<Solution>
  <Folder Name="/build/">
    <Project Path="build/_build.csproj" />
  </Folder>
  <Project Path="AES_Controls/AES_Controls.csproj" />
  <Project Path="AES_Core/AES_Core.csproj" />
  <Project Path="AES_Di.Generator/AES_Di.Generator.csproj" />
  <Project Path="AES_Tests/AES_Tests.csproj" />
  <Project Path="AES_Lacrima/AES_Lacrima.csproj" />
  <Project Path="AES_Lacrima.Android/AES_Lacrima.Android.csproj" />
  <Project Path="AES_Mpv/AES_Mpv.csproj" />
</Solution>
